// !$*UTF8*$!
{
	archiveVersion = 1;
	classes = {
	};
	objectVersion = 56;
	objects = {

/* Begin PBXBuildFile section */
		C1D6B1F82C8A7EEE002768B2 /* AppDelegate.swift in Sources */ = {isa = PBXBuildFile; fileRef = C1D6B1F72C8A7EEE002768B2 /* AppDelegate.swift */; };
		C1D6B1FA2C8A7EEE002768B2 /* SceneDelegate.swift in Sources */ = {isa = PBXBuildFile; fileRef = C1D6B1F92C8A7EEE002768B2 /* SceneDelegate.swift */; };
		C1D6B1FC2C8A7EEE002768B2 /* TodoListViewController.swift in Sources */ = {isa = PBXBuildFile; fileRef = C1D6B1FB2C8A7EEE002768B2 /* TodoListViewController.swift */; };
		C1D6B1FF2C8A7EEE002768B2 /* Base in Resources */ = {isa = PBXBuildFile; fileRef = C1D6B1FE2C8A7EEE002768B2 /* Base */; };
		C1D6B2012C8A7EF0002768B2 /* Assets.xcassets in Resources */ = {isa = PBXBuildFile; fileRef = C1D6B2002C8A7EF0002768B2 /* Assets.xcassets */; };
		C1D6B2042C8A7EF0002768B2 /* Base in Resources */ = {isa = PBXBuildFile; fileRef = C1D6B2032C8A7EF0002768B2 /* Base */; };
		C1D6B2132C8ADB68002768B2 /* DataModel.xcdatamodeld in Sources */ = {isa = PBXBuildFile; fileRef = C1D6B2112C8ADB68002768B2 /* DataModel.xcdatamodeld */; };
		C1D6B23A2C93BDC4002768B2 /* CategoryViewController.swift in Sources */ = {isa = PBXBuildFile; fileRef = C1D6B2392C93BDC4002768B2 /* CategoryViewController.swift */; };
/* End PBXBuildFile section */

/* Begin PBXFileReference section */
		C1D6B1F42C8A7EEE002768B2 /* Todo App.app */ = {isa = PBXFileReference; explicitFileType = wrapper.application; includeInIndex = 0; path = "Todo App.app"; sourceTree = BUILT_PRODUCTS_DIR; };
		C1D6B1F72C8A7EEE002768B2 /* AppDelegate.swift */ = {isa = PBXFileReference; lastKnownFileType = sourcecode.swift; path = AppDelegate.swift; sourceTree = "<group>"; };
		C1D6B1F92C8A7EEE002768B2 /* SceneDelegate.swift */ = {isa = PBXFileReference; lastKnownFileType = sourcecode.swift; path = SceneDelegate.swift; sourceTree = "<group>"; };
		C1D6B1FB2C8A7EEE002768B2 /* TodoListViewController.swift */ = {isa = PBXFileReference; lastKnownFileType = sourcecode.swift; path = TodoListViewController.swift; sourceTree = "<group>"; };
		C1D6B1FE2C8A7EEE002768B2 /* Base */ = {isa = PBXFileReference; lastKnownFileType = file.storyboard; name = Base; path = Base.lproj/Main.storyboard; sourceTree = "<group>"; };
		C1D6B2002C8A7EF0002768B2 /* Assets.xcassets */ = {isa = PBXFileReference; lastKnownFileType = folder.assetcatalog; path = Assets.xcassets; sourceTree = "<group>"; };
		C1D6B2032C8A7EF0002768B2 /* Base */ = {isa = PBXFileReference; lastKnownFileType = file.storyboard; name = Base; path = Base.lproj/LaunchScreen.storyboard; sourceTree = "<group>"; };
		C1D6B2052C8A7EF0002768B2 /* Info.plist */ = {isa = PBXFileReference; lastKnownFileType = text.plist.xml; path = Info.plist; sourceTree = "<group>"; };
		C1D6B2122C8ADB68002768B2 /* DataModel.xcdatamodel */ = {isa = PBXFileReference; lastKnownFileType = wrapper.xcdatamodel; path = DataModel.xcdatamodel; sourceTree = "<group>"; };
		C1D6B2392C93BDC4002768B2 /* CategoryViewController.swift */ = {isa = PBXFileReference; lastKnownFileType = sourcecode.swift; path = CategoryViewController.swift; sourceTree = "<group>"; };
/* End PBXFileReference section */

/* Begin PBXFrameworksBuildPhase section */
		C1D6B1F12C8A7EEE002768B2 /* Frameworks */ = {
			isa = PBXFrameworksBuildPhase;
			buildActionMask = 2147483647;
			files = (
			);
			runOnlyForDeploymentPostprocessing = 0;
		};
/* End PBXFrameworksBuildPhase section */

/* Begin PBXGroup section */
		C1D6B1EB2C8A7EEE002768B2 = {
			isa = PBXGroup;
			children = (
				C1D6B1F62C8A7EEE002768B2 /* Todo App */,
				C1D6B1F52C8A7EEE002768B2 /* Products */,
			);
			sourceTree = "<group>";
		};
		C1D6B1F52C8A7EEE002768B2 /* Products */ = {
			isa = PBXGroup;
			children = (
				C1D6B1F42C8A7EEE002768B2 /* Todo App.app */,
			);
			name = Products;
			sourceTree = "<group>";
		};
		C1D6B1F62C8A7EEE002768B2 /* Todo App */ = {
			isa = PBXGroup;
			children = (
				C1D6B1F72C8A7EEE002768B2 /* AppDelegate.swift */,
				C1D6B1F92C8A7EEE002768B2 /* SceneDelegate.swift */,
				C1D6B20E2C8ACAA6002768B2 /* Controllers */,
				C1D6B20D2C8ACA88002768B2 /* Data Model */,
				C1D6B20F2C8ACABF002768B2 /* Views */,
				C1D6B2102C8ACADD002768B2 /* Supporting Files */,
				C1D6B2052C8A7EF0002768B2 /* Info.plist */,
			);
			path = "Todo App";
			sourceTree = "<group>";
		};
		C1D6B20D2C8ACA88002768B2 /* Data Model */ = {
			isa = PBXGroup;
			children = (
				C1D6B2112C8ADB68002768B2 /* DataModel.xcdatamodeld */,
			);
			path = "Data Model";
			sourceTree = "<group>";
		};
		C1D6B20E2C8ACAA6002768B2 /* Controllers */ = {
			isa = PBXGroup;
			children = (
				C1D6B1FB2C8A7EEE002768B2 /* TodoListViewController.swift */,
				C1D6B2392C93BDC4002768B2 /* CategoryViewController.swift */,
			);
			path = Controllers;
			sourceTree = "<group>";
		};
		C1D6B20F2C8ACABF002768B2 /* Views */ = {
			isa = PBXGroup;
			children = (
				C1D6B1FD2C8A7EEE002768B2 /* Main.storyboard */,
			);
			path = Views;
			sourceTree = "<group>";
		};
		C1D6B2102C8ACADD002768B2 /* Supporting Files */ = {
			isa = PBXGroup;
			children = (
				C1D6B2002C8A7EF0002768B2 /* Assets.xcassets */,
				C1D6B2022C8A7EF0002768B2 /* LaunchScreen.storyboard */,
			);
			path = "Supporting Files";
			sourceTree = "<group>";
		};
/* End PBXGroup section */

/* Begin PBXNativeTarget section */
		C1D6B1F32C8A7EEE002768B2 /* Todo App */ = {
			isa = PBXNativeTarget;
			buildConfigurationList = C1D6B2082C8A7EF0002768B2 /* Build configuration list for PBXNativeTarget "Todo App" */;
			buildPhases = (
				C1D6B1F02C8A7EEE002768B2 /* Sources */,
				C1D6B1F12C8A7EEE002768B2 /* Frameworks */,
				C1D6B1F22C8A7EEE002768B2 /* Resources */,
			);
			buildRules = (
			);
			dependencies = (
			);
			name = "Todo App";
			productName = "Todo App";
			productReference = C1D6B1F42C8A7EEE002768B2 /* Todo App.app */;
			productType = "com.apple.product-type.application";
		};
/* End PBXNativeTarget section */

/* Begin PBXProject section */
		C1D6B1EC2C8A7EEE002768B2 /* Project object */ = {
			isa = PBXProject;
			attributes = {
				BuildIndependentTargetsInParallel = 1;
				LastSwiftUpdateCheck = 1540;
				LastUpgradeCheck = 1540;
				TargetAttributes = {
					C1D6B1F32C8A7EEE002768B2 = {
						CreatedOnToolsVersion = 15.4;
					};
				};
			};
			buildConfigurationList = C1D6B1EF2C8A7EEE002768B2 /* Build configuration list for PBXProject "Todo App" */;
			compatibilityVersion = "Xcode 14.0";
			developmentRegion = en;
			hasScannedForEncodings = 0;
			knownRegions = (
				en,
				Base,
			);
			mainGroup = C1D6B1EB2C8A7EEE002768B2;
			productRefGroup = C1D6B1F52C8A7EEE002768B2 /* Products */;
			projectDirPath = "";
			projectRoot = "";
			targets = (
				C1D6B1F32C8A7EEE002768B2 /* Todo App */,
			);
		};
/* End PBXProject section */

/* Begin PBXResourcesBuildPhase section */
		C1D6B1F22C8A7EEE002768B2 /* Resources */ = {
			isa = PBXResourcesBuildPhase;
			buildActionMask = 2147483647;
			files = (
				C1D6B2012C8A7EF0002768B2 /* Assets.xcassets in Resources */,
				C1D6B2042C8A7EF0002768B2 /* Base in Resources */,
				C1D6B1FF2C8A7EEE002768B2 /* Base in Resources */,
			);
			runOnlyForDeploymentPostprocessing = 0;
		};
/* End PBXResourcesBuildPhase section */

/* Begin PBXSourcesBuildPhase section */
		C1D6B1F02C8A7EEE002768B2 /* Sources */ = {
			isa = PBXSourcesBuildPhase;
			buildActionMask = 2147483647;
			files = (
				C1D6B23A2C93BDC4002768B2 /* CategoryViewController.swift in Sources */,
				C1D6B2132C8ADB68002768B2 /* DataModel.xcdatamodeld in Sources */,
				C1D6B1FC2C8A7EEE002768B2 /* TodoListViewController.swift in Sources */,
				C1D6B1F82C8A7EEE002768B2 /* AppDelegate.swift in Sources */,
				C1D6B1FA2C8A7EEE002768B2 /* SceneDelegate.swift in Sources */,
			);
			runOnlyForDeploymentPostprocessing = 0;
		};
/* End PBXSourcesBuildPhase section */

/* Begin PBXVariantGroup section */
		C1D6B1FD2C8A7EEE002768B2 /* Main.storyboard */ = {
			isa = PBXVariantGroup;
			children = (
				C1D6B1FE2C8A7EEE002768B2 /* Base */,
			);
			name = Main.storyboard;
			sourceTree = "<group>";
		};
		C1D6B2022C8A7EF0002768B2 /* LaunchScreen.storyboard */ = {
			isa = PBXVariantGroup;
			children = (
				C1D6B2032C8A7EF0002768B2 /* Base */,
			);
			name = LaunchScreen.storyboard;
			sourceTree = "<group>";
		};
/* End PBXVariantGroup section */

/* Begin XCBuildConfiguration section */
		C1D6B2062C8A7EF0002768B2 /* Debug */ = {
			isa = XCBuildConfiguration;
			buildSettings = {
				ALWAYS_SEARCH_USER_PATHS = NO;
				ASSETCATALOG_COMPILER_GENERATE_SWIFT_ASSET_SYMBOL_EXTENSIONS = YES;
				CLANG_ANALYZER_NONNULL = YES;
				CLANG_ANALYZER_NUMBER_OBJECT_CONVERSION = YES_AGGRESSIVE;
				CLANG_CXX_LANGUAGE_STANDARD = "gnu++20";
				CLANG_ENABLE_MODULES = YES;
				CLANG_ENABLE_OBJC_ARC = YES;
				CLANG_ENABLE_OBJC_WEAK = YES;
				CLANG_WARN_BLOCK_CAPTURE_AUTORELEASING = YES;
				CLANG_WARN_BOOL_CONVERSION = YES;
				CLANG_WARN_COMMA = YES;
				CLANG_WARN_CONSTANT_CONVERSION = YES;
				CLANG_WARN_DEPRECATED_OBJC_IMPLEMENTATIONS = YES;
				CLANG_WARN_DIRECT_OBJC_ISA_USAGE = YES_ERROR;
				CLANG_WARN_DOCUMENTATION_COMMENTS = YES;
				CLANG_WARN_EMPTY_BODY = YES;
				CLANG_WARN_ENUM_CONVERSION = YES;
				CLANG_WARN_INFINITE_RECURSION = YES;
				CLANG_WARN_INT_CONVERSION = YES;
				CLANG_WARN_NON_LITERAL_NULL_CONVERSION = YES;
				CLANG_WARN_OBJC_IMPLICIT_RETAIN_SELF = YES;
				CLANG_WARN_OBJC_LITERAL_CONVERSION = YES;
				CLANG_WARN_OBJC_ROOT_CLASS = YES_ERROR;
				CLANG_WARN_QUOTED_INCLUDE_IN_FRAMEWORK_HEADER = YES;
				CLANG_WARN_RANGE_LOOP_ANALYSIS = YES;
				CLANG_WARN_STRICT_PROTOTYPES = YES;
				CLANG_WARN_SUSPICIOUS_MOVE = YES;
				CLANG_WARN_UNGUARDED_AVAILABILITY = YES_AGGRESSIVE;
				CLANG_WARN_UNREACHABLE_CODE = YES;
				CLANG_WARN__DUPLICATE_METHOD_MATCH = YES;
				COPY_PHASE_STRIP = NO;
				DEBUG_INFORMATION_FORMAT = dwarf;
				ENABLE_STRICT_OBJC_MSGSEND = YES;
				ENABLE_TESTABILITY = YES;
				ENABLE_USER_SCRIPT_SANDBOXING = YES;
				GCC_C_LANGUAGE_STANDARD = gnu17;
				GCC_DYNAMIC_NO_PIC = NO;
				GCC_NO_COMMON_BLOCKS = YES;
				GCC_OPTIMIZATION_LEVEL = 0;
				GCC_PREPROCESSOR_DEFINITIONS = (
					"DEBUG=1",
					"$(inherited)",
				);
				GCC_WARN_64_TO_32_BIT_CONVERSION = YES;
				GCC_WARN_ABOUT_RETURN_TYPE = YES_ERROR;
				GCC_WARN_UNDECLARED_SELECTOR = YES;
				GCC_WARN_UNINITIALIZED_AUTOS = YES_AGGRESSIVE;
				GCC_WARN_UNUSED_FUNCTION = YES;
				GCC_WARN_UNUSED_VARIABLE = YES;
				IPHONEOS_DEPLOYMENT_TARGET = 17.5;
				LOCALIZATION_PREFERS_STRING_CATALOGS = YES;
				MTL_ENABLE_DEBUG_INFO = INCLUDE_SOURCE;
				MTL_FAST_MATH = YES;
				ONLY_ACTIVE_ARCH = YES;
				SDKROOT = iphoneos;
				SWIFT_ACTIVE_COMPILATION_CONDITIONS = "DEBUG $(inherited)";
				SWIFT_OPTIMIZATION_LEVEL = "-Onone";
			};
			name = Debug;
		};
		C1D6B2072C8A7EF0002768B2 /* Release */ = {
			isa = XCBuildConfiguration;
			buildSettings = {
				ALWAYS_SEARCH_USER_PATHS = NO;
				ASSETCATALOG_COMPILER_GENERATE_SWIFT_ASSET_SYMBOL_EXTENSIONS = YES;
				CLANG_ANALYZER_NONNULL = YES;
				CLANG_ANALYZER_NUMBER_OBJECT_CONVERSION = YES_AGGRESSIVE;
				CLANG_CXX_LANGUAGE_STANDARD = "gnu++20";
				CLANG_ENABLE_MODULES = YES;
				CLANG_ENABLE_OBJC_ARC = YES;
				CLANG_ENABLE_OBJC_WEAK = YES;
				CLANG_WARN_BLOCK_CAPTURE_AUTORELEASING = YES;
				CLANG_WARN_BOOL_CONVERSION = YES;
				CLANG_WARN_COMMA = YES;
				CLANG_WARN_CONSTANT_CONVERSION = YES;
				CLANG_WARN_DEPRECATED_OBJC_IMPLEMENTATIONS = YES;
				CLANG_WARN_DIRECT_OBJC_ISA_USAGE = YES_ERROR;
				CLANG_WARN_DOCUMENTATION_COMMENTS = YES;
				CLANG_WARN_EMPTY_BODY = YES;
				CLANG_WARN_ENUM_CONVERSION = YES;
				CLANG_WARN_INFINITE_RECURSION = YES;
				CLANG_WARN_INT_CONVERSION = YES;
				CLANG_WARN_NON_LITERAL_NULL_CONVERSION = YES;
				CLANG_WARN_OBJC_IMPLICIT_RETAIN_SELF = YES;
				CLANG_WARN_OBJC_LITERAL_CONVERSION = YES;
				CLANG_WARN_OBJC_ROOT_CLASS = YES_ERROR;
				CLANG_WARN_QUOTED_INCLUDE_IN_FRAMEWORK_HEADER = YES;
				CLANG_WARN_RANGE_LOOP_ANALYSIS = YES;
				CLANG_WARN_STRICT_PROTOTYPES = YES;
				CLANG_WARN_SUSPICIOUS_MOVE = YES;
				CLANG_WARN_UNGUARDED_AVAILABILITY = YES_AGGRESSIVE;
				CLANG_WARN_UNREACHABLE_CODE = YES;
				CLANG_WARN__DUPLICATE_METHOD_MATCH = YES;
				COPY_PHASE_STRIP = NO;
				DEBUG_INFORMATION_FORMAT = "dwarf-with-dsym";
				ENABLE_NS_ASSERTIONS = NO;
				ENABLE_STRICT_OBJC_MSGSEND = YES;
				ENABLE_USER_SCRIPT_SANDBOXING = YES;
				GCC_C_LANGUAGE_STANDARD = gnu17;
				GCC_NO_COMMON_BLOCKS = YES;
				GCC_WARN_64_TO_32_BIT_CONVERSION = YES;
				GCC_WARN_ABOUT_RETURN_TYPE = YES_ERROR;
				GCC_WARN_UNDECLARED_SELECTOR = YES;
				GCC_WARN_UNINITIALIZED_AUTOS = YES_AGGRESSIVE;
				GCC_WARN_UNUSED_FUNCTION = YES;
				GCC_WARN_UNUSED_VARIABLE = YES;
				IPHONEOS_DEPLOYMENT_TARGET = 17.5;
				LOCALIZATION_PREFERS_STRING_CATALOGS = YES;
				MTL_ENABLE_DEBUG_INFO = NO;
				MTL_FAST_MATH = YES;
				SDKROOT = iphoneos;
				SWIFT_COMPILATION_MODE = wholemodule;
				VALIDATE_PRODUCT = YES;
			};
			name = Release;
		};
		C1D6B2092C8A7EF0002768B2 /* Debug */ = {
			isa = XCBuildConfiguration;
			buildSettings = {
				ASSETCATALOG_COMPILER_APPICON_NAME = AppIcon;
				ASSETCATALOG_COMPILER_GLOBAL_ACCENT_COLOR_NAME = AccentColor;
				CODE_SIGN_STYLE = Automatic;
				CURRENT_PROJECT_VERSION = 1;
				DEVELOPMENT_TEAM = W278746438;
				GENERATE_INFOPLIST_FILE = YES;
				INFOPLIST_FILE = "Todo App/Info.plist";
				INFOPLIST_KEY_UIApplicationSupportsIndirectInputEvents = YES;
				INFOPLIST_KEY_UILaunchStoryboardName = LaunchScreen;
				INFOPLIST_KEY_UIMainStoryboardFile = Main;
				INFOPLIST_KEY_UISupportedInterfaceOrientations_iPad = "UIInterfaceOrientationPortrait UIInterfaceOrientationPortraitUpsideDown UIInterfaceOrientationLandscapeLeft UIInterfaceOrientationLandscapeRight";
				INFOPLIST_KEY_UISupportedInterfaceOrientations_iPhone = "UIInterfaceOrientationPortrait UIInterfaceOrientationLandscapeLeft UIInterfaceOrientationLandscapeRight";
				LD_RUNPATH_SEARCH_PATHS = (
					"$(inherited)",
					"@executable_path/Frameworks",
				);
				MARKETING_VERSION = 1.0;
				PRODUCT_BUNDLE_IDENTIFIER = "com.songyunwang.Todo-App";
				PRODUCT_NAME = "$(TARGET_NAME)";
				SWIFT_EMIT_LOC_STRINGS = YES;
				SWIFT_VERSION = 5.0;
				TARGETED_DEVICE_FAMILY = "1,2";
			};
			name = Debug;
		};
		C1D6B20A2C8A7EF0002768B2 /* Release */ = {
			isa = XCBuildConfiguration;
			buildSettings = {
				ASSETCATALOG_COMPILER_APPICON_NAME = AppIcon;
				ASSETCATALOG_COMPILER_GLOBAL_ACCENT_COLOR_NAME = AccentColor;
				CODE_SIGN_STYLE = Automatic;
				CURRENT_PROJECT_VERSION = 1;
				DEVELOPMENT_TEAM = W278746438;
				GENERATE_INFOPLIST_FILE = YES;
				INFOPLIST_FILE = "Todo App/Info.plist";
				INFOPLIST_KEY_UIApplicationSupportsIndirectInputEvents = YES;
				INFOPLIST_KEY_UILaunchStoryboardName = LaunchScreen;
				INFOPLIST_KEY_UIMainStoryboardFile = Main;
				INFOPLIST_KEY_UISupportedInterfaceOrientations_iPad = "UIInterfaceOrientationPortrait UIInterfaceOrientationPortraitUpsideDown UIInterfaceOrientationLandscapeLeft UIInterfaceOrientationLandscapeRight";
				INFOPLIST_KEY_UISupportedInterfaceOrientations_iPhone = "UIInterfaceOrientationPortrait UIInterfaceOrientationLandscapeLeft UIInterfaceOrientationLandscapeRight";
				LD_RUNPATH_SEARCH_PATHS = (
					"$(inherited)",
					"@executable_path/Frameworks",
				);
				MARKETING_VERSION = 1.0;
				PRODUCT_BUNDLE_IDENTIFIER = "com.songyunwang.Todo-App";
				PRODUCT_NAME = "$(TARGET_NAME)";
				SWIFT_EMIT_LOC_STRINGS = YES;
				SWIFT_VERSION = 5.0;
				TARGETED_DEVICE_FAMILY = "1,2";
			};
			name = Release;
		};
/* End XCBuildConfiguration section */

/* Begin XCConfigurationList section */
		C1D6B1EF2C8A7EEE002768B2 /* Build configuration list for PBXProject "Todo App" */ = {
			isa = XCConfigurationList;
			buildConfigurations = (
				C1D6B2062C8A7EF0002768B2 /* Debug */,
				C1D6B2072C8A7EF0002768B2 /* Release */,
			);
			defaultConfigurationIsVisible = 0;
			defaultConfigurationName = Release;
		};
		C1D6B2082C8A7EF0002768B2 /* Build configuration list for PBXNativeTarget "Todo App" */ = {
			isa = XCConfigurationList;
			buildConfigurations = (
				C1D6B2092C8A7EF0002768B2 /* Debug */,
				C1D6B20A2C8A7EF0002768B2 /* Release */,
			);
			defaultConfigurationIsVisible = 0;
			defaultConfigurationName = Release;
		};
/* End XCConfigurationList section */

/* Begin XCVersionGroup section */
		C1D6B2112C8ADB68002768B2 /* DataModel.xcdatamodeld */ = {
			isa = XCVersionGroup;
			children = (
				C1D6B2122C8ADB68002768B2 /* DataModel.xcdatamodel */,
			);
			currentVersion = C1D6B2122C8ADB68002768B2 /* DataModel.xcdatamodel */;
			name = DataModel.xcdatamodeld;
			path = "/Users/wangsongyun/Desktop/iOS/Todo App/Todo App/Controllers/DataModel.xcdatamodeld";
			sourceTree = "<group>";
			versionGroupType = wrapper.xcdatamodel;
		};
/* End XCVersionGroup section */
	};
	rootObject = C1D6B1EC2C8A7EEE002768B2 /* Project object */;
}
